
Microsoft Visual Studio Solution File, Format Version 12.00
# Visual Studio Version 17
VisualStudioVersion = 17.13.35931.197 d17.13
MinimumVisualStudioVersion = 10.0.40219.1
Project("{FAE04EC0-301F-11D3-BF4B-00C04F79EFBC}") = "Friendships", "Friendships\Friendships.csproj", "{D2AEBE1A-9CBF-41E7-B65E-E301E7AFCCA3}"
EndProject
Global
	GlobalSection(SolutionConfigurationPlatforms) = preSolution
		Debug|Any CPU = Debug|Any CPU
		Release|Any CPU = Release|Any CPU
	EndGlobalSection
	GlobalSection(ProjectConfigurationPlatforms) = postSolution
		{D2AEBE1A-9CBF-41E7-B65E-E301E7AFCCA3}.Debug|Any CPU.ActiveCfg = Debug|Any CPU
		{D2AEBE1A-9CBF-41E7-B65E-E301E7AFCCA3}.Debug|Any CPU.Build.0 = Debug|Any CPU
		{D2AEBE1A-9CBF-41E7-B65E-E301E7AFCCA3}.Release|Any CPU.ActiveCfg = Release|Any CPU
		{D2AEBE1A-9CBF-41E7-B65E-E301E7AFCCA3}.Release|Any CPU.Build.0 = Release|Any CPU
	EndGlobalSection
	GlobalSection(SolutionProperties) = preSolution
		HideSolutionNode = FALSE
	EndGlobalSection
	GlobalSection(ExtensibilityGlobals) = postSolution
		SolutionGuid = {C62F9B48-AE87-4D75-BEFA-D40A27EF770F}
	EndGlobalSection
EndGlobal
